// !$*UTF8*$!
{
	archiveVersion = 1;
	classes = {
	};
	objectVersion = 46;
	objects = {

/* Begin PBXBuildFile section */
		45656F7A1CD83ED800EA5FA6 /* KAppDelegate.m in Sources */ = {isa = PBXBuildFile; fileRef = 45656F691CD83ED800EA5FA6 /* KAppDelegate.m */; };
		45656F7C1CD83ED800EA5FA6 /* main.m in Sources */ = {isa = PBXBuildFile; fileRef = 45656F6C1CD83ED800EA5FA6 /* main.m */; };
		45656F7F1CD83ED800EA5FA6 /* Images.xcassets in Resources */ = {isa = PBXBuildFile; fileRef = 45656F761CD83ED800EA5FA6 /* Images.xcassets */; };
		45656F811CD83F0800EA5FA6 /* Main.storyboard in Resources */ = {isa = PBXBuildFile; fileRef = 45656F831CD83F0800EA5FA6 /* Main.storyboard */; };
		45656F891CD83F8D00EA5FA6 /* KIntroViewController.m in Sources */ = {isa = PBXBuildFile; fileRef = 45656F881CD83F8D00EA5FA6 /* KIntroViewController.m */; };
		45656F8C1CD83FD300EA5FA6 /* LaunchScreen.storyboard in Resources */ = {isa = PBXBuildFile; fileRef = 45656F8A1CD83FD300EA5FA6 /* LaunchScreen.storyboard */; };
		45656F8F1CD8407700EA5FA6 /* KRootViewController.m in Sources */ = {isa = PBXBuildFile; fileRef = 45656F8E1CD8407700EA5FA6 /* KRootViewController.m */; };
		45656F921CD8408800EA5FA6 /* KMainViewController.m in Sources */ = {isa = PBXBuildFile; fileRef = 45656F911CD8408800EA5FA6 /* KMainViewController.m */; };
		45834BF31CD3519D0091817D /* KBaseKit.framework in Frameworks */ = {isa = PBXBuildFile; fileRef = 45834BF21CD3519D0091817D /* KBaseKit.framework */; };
		6003F58E195388D20070C39A /* Foundation.framework in Frameworks */ = {isa = PBXBuildFile; fileRef = 6003F58D195388D20070C39A /* Foundation.framework */; };
		6003F590195388D20070C39A /* CoreGraphics.framework in Frameworks */ = {isa = PBXBuildFile; fileRef = 6003F58F195388D20070C39A /* CoreGraphics.framework */; };
		6003F592195388D20070C39A /* UIKit.framework in Frameworks */ = {isa = PBXBuildFile; fileRef = 6003F591195388D20070C39A /* UIKit.framework */; };
/* End PBXBuildFile section */

/* Begin PBXFileReference section */
		36C708CCD44BA498B19633D2 /* LICENSE */ = {isa = PBXFileReference; includeInIndex = 1; lastKnownFileType = text; name = LICENSE; path = ../LICENSE; sourceTree = "<group>"; };
		382A185B61EFB8F3271818B2 /* Pods-KBaseKit_Tests.debug.xcconfig */ = {isa = PBXFileReference; includeInIndex = 1; lastKnownFileType = text.xcconfig; name = "Pods-KBaseKit_Tests.debug.xcconfig"; path = "Pods/Target Support Files/Pods-KBaseKit_Tests/Pods-KBaseKit_Tests.debug.xcconfig"; sourceTree = "<group>"; };
		45656F681CD83ED800EA5FA6 /* KAppDelegate.h */ = {isa = PBXFileReference; fileEncoding = 4; lastKnownFileType = sourcecode.c.h; path = KAppDelegate.h; sourceTree = "<group>"; };
		45656F691CD83ED800EA5FA6 /* KAppDelegate.m */ = {isa = PBXFileReference; fileEncoding = 4; lastKnownFileType = sourcecode.c.objc; path = KAppDelegate.m; sourceTree = "<group>"; };
		45656F6A1CD83ED800EA5FA6 /* KBaseKit-Info.plist */ = {isa = PBXFileReference; fileEncoding = 4; lastKnownFileType = text.plist.xml; path = "KBaseKit-Info.plist"; sourceTree = "<group>"; };
		45656F6B1CD83ED800EA5FA6 /* KBaseKit-Prefix.pch */ = {isa = PBXFileReference; fileEncoding = 4; lastKnownFileType = sourcecode.c.h; path = "KBaseKit-Prefix.pch"; sourceTree = "<group>"; };
		45656F6C1CD83ED800EA5FA6 /* main.m */ = {isa = PBXFileReference; fileEncoding = 4; lastKnownFileType = sourcecode.c.objc; path = main.m; sourceTree = "<group>"; };
		45656F761CD83ED800EA5FA6 /* Images.xcassets */ = {isa = PBXFileReference; lastKnownFileType = folder.assetcatalog; path = Images.xcassets; sourceTree = "<group>"; };
		45656F821CD83F0800EA5FA6 /* Base */ = {isa = PBXFileReference; lastKnownFileType = file.storyboard; name = Base; path = Base.lproj/Main.storyboard; sourceTree = "<group>"; };
		45656F871CD83F8D00EA5FA6 /* KIntroViewController.h */ = {isa = PBXFileReference; fileEncoding = 4; lastKnownFileType = sourcecode.c.h; path = KIntroViewController.h; sourceTree = "<group>"; };
		45656F881CD83F8D00EA5FA6 /* KIntroViewController.m */ = {isa = PBXFileReference; fileEncoding = 4; lastKnownFileType = sourcecode.c.objc; path = KIntroViewController.m; sourceTree = "<group>"; };
		45656F8B1CD83FD300EA5FA6 /* Base */ = {isa = PBXFileReference; lastKnownFileType = file.storyboard; name = Base; path = Base.lproj/LaunchScreen.storyboard; sourceTree = "<group>"; };
		45656F8D1CD8407700EA5FA6 /* KRootViewController.h */ = {isa = PBXFileReference; fileEncoding = 4; lastKnownFileType = sourcecode.c.h; path = KRootViewController.h; sourceTree = "<group>"; };
		45656F8E1CD8407700EA5FA6 /* KRootViewController.m */ = {isa = PBXFileReference; fileEncoding = 4; lastKnownFileType = sourcecode.c.objc; path = KRootViewController.m; sourceTree = "<group>"; };
		45656F901CD8408800EA5FA6 /* KMainViewController.h */ = {isa = PBXFileReference; fileEncoding = 4; lastKnownFileType = sourcecode.c.h; path = KMainViewController.h; sourceTree = "<group>"; };
		45656F911CD8408800EA5FA6 /* KMainViewController.m */ = {isa = PBXFileReference; fileEncoding = 4; lastKnownFileType = sourcecode.c.objc; path = KMainViewController.m; sourceTree = "<group>"; };
		45834BF21CD3519D0091817D /* KBaseKit.framework */ = {isa = PBXFileReference; lastKnownFileType = wrapper.framework; name = KBaseKit.framework; path = "../../../Library/Developer/Xcode/DerivedData/KBaseKit-akuvpyqperatunbcdakekjysvrro/Build/Products/Debug-iphoneos/KBaseKit.framework"; sourceTree = "<group>"; };
		6003F58A195388D20070C39A /* KBaseKit_Example.app */ = {isa = PBXFileReference; explicitFileType = wrapper.application; includeInIndex = 0; path = KBaseKit_Example.app; sourceTree = BUILT_PRODUCTS_DIR; };
		6003F58D195388D20070C39A /* Foundation.framework */ = {isa = PBXFileReference; lastKnownFileType = wrapper.framework; name = Foundation.framework; path = System/Library/Frameworks/Foundation.framework; sourceTree = SDKROOT; };
		6003F58F195388D20070C39A /* CoreGraphics.framework */ = {isa = PBXFileReference; lastKnownFileType = wrapper.framework; name = CoreGraphics.framework; path = System/Library/Frameworks/CoreGraphics.framework; sourceTree = SDKROOT; };
		6003F591195388D20070C39A /* UIKit.framework */ = {isa = PBXFileReference; lastKnownFileType = wrapper.framework; name = UIKit.framework; path = System/Library/Frameworks/UIKit.framework; sourceTree = SDKROOT; };
		6003F5AF195388D20070C39A /* XCTest.framework */ = {isa = PBXFileReference; lastKnownFileType = wrapper.framework; name = XCTest.framework; path = Library/Frameworks/XCTest.framework; sourceTree = DEVELOPER_DIR; };
		9B661F861871A3C0DE247454 /* Pods-KBaseKit_Tests.release.xcconfig */ = {isa = PBXFileReference; includeInIndex = 1; lastKnownFileType = text.xcconfig; name = "Pods-KBaseKit_Tests.release.xcconfig"; path = "Pods/Target Support Files/Pods-KBaseKit_Tests/Pods-KBaseKit_Tests.release.xcconfig"; sourceTree = "<group>"; };
		BBFD2C5272FAB339C02EDF1D /* KBaseKit.podspec */ = {isa = PBXFileReference; includeInIndex = 1; lastKnownFileType = text; name = KBaseKit.podspec; path = ../KBaseKit.podspec; sourceTree = "<group>"; };
		D9429886CB58FCB0B48158E5 /* Pods_KBaseKit_Example.framework */ = {isa = PBXFileReference; explicitFileType = wrapper.framework; includeInIndex = 0; path = Pods_KBaseKit_Example.framework; sourceTree = BUILT_PRODUCTS_DIR; };
		E7209124305C3B4C6E5D4D79 /* Pods-KBaseKit_Example.release.xcconfig */ = {isa = PBXFileReference; includeInIndex = 1; lastKnownFileType = text.xcconfig; name = "Pods-KBaseKit_Example.release.xcconfig"; path = "Pods/Target Support Files/Pods-KBaseKit_Example/Pods-KBaseKit_Example.release.xcconfig"; sourceTree = "<group>"; };
		ECD6722C2041E0DB17CD0B7C /* Pods-KBaseKit_Example.debug.xcconfig */ = {isa = PBXFileReference; includeInIndex = 1; lastKnownFileType = text.xcconfig; name = "Pods-KBaseKit_Example.debug.xcconfig"; path = "Pods/Target Support Files/Pods-KBaseKit_Example/Pods-KBaseKit_Example.debug.xcconfig"; sourceTree = "<group>"; };
		EFBFCC9A18CE8318CD238079 /* README.md */ = {isa = PBXFileReference; includeInIndex = 1; lastKnownFileType = net.daringfireball.markdown; name = README.md; path = ../README.md; sourceTree = "<group>"; };
		F929F31D7C27056827F85FD6 /* Pods_KBaseKit_Tests.framework */ = {isa = PBXFileReference; explicitFileType = wrapper.framework; includeInIndex = 0; path = Pods_KBaseKit_Tests.framework; sourceTree = BUILT_PRODUCTS_DIR; };
/* End PBXFileReference section */

/* Begin PBXFrameworksBuildPhase section */
		6003F587195388D20070C39A /* Frameworks */ = {
			isa = PBXFrameworksBuildPhase;
			buildActionMask = 2147483647;
			files = (
				45834BF31CD3519D0091817D /* KBaseKit.framework in Frameworks */,
				6003F590195388D20070C39A /* CoreGraphics.framework in Frameworks */,
				6003F592195388D20070C39A /* UIKit.framework in Frameworks */,
				6003F58E195388D20070C39A /* Foundation.framework in Frameworks */,
			);
			runOnlyForDeploymentPostprocessing = 0;
		};
/* End PBXFrameworksBuildPhase section */

/* Begin PBXGroup section */
		4218AAE20D0483687B10691D /* Pods */ = {
			isa = PBXGroup;
			children = (
				ECD6722C2041E0DB17CD0B7C /* Pods-KBaseKit_Example.debug.xcconfig */,
				E7209124305C3B4C6E5D4D79 /* Pods-KBaseKit_Example.release.xcconfig */,
				382A185B61EFB8F3271818B2 /* Pods-KBaseKit_Tests.debug.xcconfig */,
				9B661F861871A3C0DE247454 /* Pods-KBaseKit_Tests.release.xcconfig */,
			);
			name = Pods;
			sourceTree = "<group>";
		};
		45656F661CD83ED800EA5FA6 /* KBaseKit_Example */ = {
			isa = PBXGroup;
			children = (
				45656F671CD83ED800EA5FA6 /* AppDelegate */,
				45656F6D1CD83ED800EA5FA6 /* Common */,
				45656F711CD83ED800EA5FA6 /* Manager */,
				45656F6E1CD83ED800EA5FA6 /* Controller */,
				45656F721CD83ED800EA5FA6 /* Resource */,
			);
			path = KBaseKit_Example;
			sourceTree = "<group>";
		};
		45656F671CD83ED800EA5FA6 /* AppDelegate */ = {
			isa = PBXGroup;
			children = (
				45656F681CD83ED800EA5FA6 /* KAppDelegate.h */,
				45656F691CD83ED800EA5FA6 /* KAppDelegate.m */,
				45656F6A1CD83ED800EA5FA6 /* KBaseKit-Info.plist */,
				45656F6B1CD83ED800EA5FA6 /* KBaseKit-Prefix.pch */,
				45656F6C1CD83ED800EA5FA6 /* main.m */,
			);
			path = AppDelegate;
			sourceTree = "<group>";
		};
		45656F6D1CD83ED800EA5FA6 /* Common */ = {
			isa = PBXGroup;
			children = (
			);
			path = Common;
			sourceTree = "<group>";
		};
		45656F6E1CD83ED800EA5FA6 /* Controller */ = {
			isa = PBXGroup;
			children = (
				45656F841CD83F6F00EA5FA6 /* Intro */,
				45656F861CD83F6F00EA5FA6 /* Root */,
				45656F851CD83F6F00EA5FA6 /* Main */,
			);
			path = Controller;
			sourceTree = "<group>";
		};
		45656F711CD83ED800EA5FA6 /* Manager */ = {
			isa = PBXGroup;
			children = (
			);
			path = Manager;
			sourceTree = "<group>";
		};
		45656F721CD83ED800EA5FA6 /* Resource */ = {
			isa = PBXGroup;
			children = (
				45656F831CD83F0800EA5FA6 /* Main.storyboard */,
				45656F8A1CD83FD300EA5FA6 /* LaunchScreen.storyboard */,
				45656F761CD83ED800EA5FA6 /* Images.xcassets */,
				45656F781CD83ED800EA5FA6 /* Movie */,
				45656F751CD83ED800EA5FA6 /* Fonts */,
			);
			path = Resource;
			sourceTree = "<group>";
		};
		45656F751CD83ED800EA5FA6 /* Fonts */ = {
			isa = PBXGroup;
			children = (
			);
			path = Fonts;
			sourceTree = "<group>";
		};
		45656F781CD83ED800EA5FA6 /* Movie */ = {
			isa = PBXGroup;
			children = (
			);
			path = Movie;
			sourceTree = "<group>";
		};
		45656F841CD83F6F00EA5FA6 /* Intro */ = {
			isa = PBXGroup;
			children = (
				45656F871CD83F8D00EA5FA6 /* KIntroViewController.h */,
				45656F881CD83F8D00EA5FA6 /* KIntroViewController.m */,
			);
			path = Intro;
			sourceTree = "<group>";
		};
		45656F851CD83F6F00EA5FA6 /* Main */ = {
			isa = PBXGroup;
			children = (
				45656F901CD8408800EA5FA6 /* KMainViewController.h */,
				45656F911CD8408800EA5FA6 /* KMainViewController.m */,
			);
			path = Main;
			sourceTree = "<group>";
		};
		45656F861CD83F6F00EA5FA6 /* Root */ = {
			isa = PBXGroup;
			children = (
				45656F8D1CD8407700EA5FA6 /* KRootViewController.h */,
				45656F8E1CD8407700EA5FA6 /* KRootViewController.m */,
			);
			path = Root;
			sourceTree = "<group>";
		};
		6003F581195388D10070C39A = {
			isa = PBXGroup;
			children = (
				60FF7A9C1954A5C5007DD14C /* Podspec Metadata */,
				45656F661CD83ED800EA5FA6 /* KBaseKit_Example */,
				6003F58C195388D20070C39A /* Frameworks */,
				6003F58B195388D20070C39A /* Products */,
				4218AAE20D0483687B10691D /* Pods */,
			);
			sourceTree = "<group>";
		};
		6003F58B195388D20070C39A /* Products */ = {
			isa = PBXGroup;
			children = (
				6003F58A195388D20070C39A /* KBaseKit_Example.app */,
			);
			name = Products;
			sourceTree = "<group>";
		};
		6003F58C195388D20070C39A /* Frameworks */ = {
			isa = PBXGroup;
			children = (
				45834BF21CD3519D0091817D /* KBaseKit.framework */,
				6003F58D195388D20070C39A /* Foundation.framework */,
				6003F58F195388D20070C39A /* CoreGraphics.framework */,
				6003F591195388D20070C39A /* UIKit.framework */,
				6003F5AF195388D20070C39A /* XCTest.framework */,
				D9429886CB58FCB0B48158E5 /* Pods_KBaseKit_Example.framework */,
				F929F31D7C27056827F85FD6 /* Pods_KBaseKit_Tests.framework */,
			);
			name = Frameworks;
			sourceTree = "<group>";
		};
		60FF7A9C1954A5C5007DD14C /* Podspec Metadata */ = {
			isa = PBXGroup;
			children = (
				BBFD2C5272FAB339C02EDF1D /* KBaseKit.podspec */,
				EFBFCC9A18CE8318CD238079 /* README.md */,
				36C708CCD44BA498B19633D2 /* LICENSE */,
			);
			name = "Podspec Metadata";
			sourceTree = "<group>";
		};
/* End PBXGroup section */

/* Begin PBXNativeTarget section */
		6003F589195388D20070C39A /* KBaseKit_Example */ = {
			isa = PBXNativeTarget;
			buildConfigurationList = 6003F5BF195388D20070C39A /* Build configuration list for PBXNativeTarget "KBaseKit_Example" */;
			buildPhases = (
				374133E9A5602766E1673F78 /* Check Pods Manifest.lock */,
				6003F586195388D20070C39A /* Sources */,
				6003F587195388D20070C39A /* Frameworks */,
				6003F588195388D20070C39A /* Resources */,
				AAA2B8AB2E022F1EEF2C28ED /* Embed Pods Frameworks */,
				7B309397DEDA09C49A8CAFFD /* Copy Pods Resources */,
			);
			buildRules = (
			);
			dependencies = (
			);
			name = KBaseKit_Example;
			productName = KBaseKit;
			productReference = 6003F58A195388D20070C39A /* KBaseKit_Example.app */;
			productType = "com.apple.product-type.application";
		};
/* End PBXNativeTarget section */

/* Begin PBXProject section */
		6003F582195388D10070C39A /* Project object */ = {
			isa = PBXProject;
			attributes = {
				CLASSPREFIX = K;
				LastUpgradeCheck = 0720;
				ORGANIZATIONNAME = Chans;
			};
			buildConfigurationList = 6003F585195388D10070C39A /* Build configuration list for PBXProject "KBaseKit_Example" */;
			compatibilityVersion = "Xcode 3.2";
			developmentRegion = English;
			hasScannedForEncodings = 0;
			knownRegions = (
				en,
				Base,
			);
			mainGroup = 6003F581195388D10070C39A;
			productRefGroup = 6003F58B195388D20070C39A /* Products */;
			projectDirPath = "";
			projectRoot = "";
			targets = (
				6003F589195388D20070C39A /* KBaseKit_Example */,
			);
		};
/* End PBXProject section */

/* Begin PBXResourcesBuildPhase section */
		6003F588195388D20070C39A /* Resources */ = {
			isa = PBXResourcesBuildPhase;
			buildActionMask = 2147483647;
			files = (
				45656F7F1CD83ED800EA5FA6 /* Images.xcassets in Resources */,
				45656F8C1CD83FD300EA5FA6 /* LaunchScreen.storyboard in Resources */,
				45656F811CD83F0800EA5FA6 /* Main.storyboard in Resources */,
			);
			runOnlyForDeploymentPostprocessing = 0;
		};
/* End PBXResourcesBuildPhase section */

/* Begin PBXShellScriptBuildPhase section */
		374133E9A5602766E1673F78 /* Check Pods Manifest.lock */ = {
			isa = PBXShellScriptBuildPhase;
			buildActionMask = 2147483647;
			files = (
			);
			inputPaths = (
			);
			name = "Check Pods Manifest.lock";
			outputPaths = (
			);
			runOnlyForDeploymentPostprocessing = 0;
			shellPath = /bin/sh;
			shellScript = "diff \"${PODS_ROOT}/../Podfile.lock\" \"${PODS_ROOT}/Manifest.lock\" > /dev/null\nif [[ $? != 0 ]] ; then\n    cat << EOM\nerror: The sandbox is not in sync with the Podfile.lock. Run 'pod install' or update your CocoaPods installation.\nEOM\n    exit 1\nfi\n";
			showEnvVarsInLog = 0;
		};
		7B309397DEDA09C49A8CAFFD /* Copy Pods Resources */ = {
			isa = PBXShellScriptBuildPhase;
			buildActionMask = 2147483647;
			files = (
			);
			inputPaths = (
			);
			name = "Copy Pods Resources";
			outputPaths = (
			);
			runOnlyForDeploymentPostprocessing = 0;
			shellPath = /bin/sh;
			shellScript = "\"${SRCROOT}/Pods/Target Support Files/Pods-KBaseKit_Example/Pods-KBaseKit_Example-resources.sh\"\n";
			showEnvVarsInLog = 0;
		};
		AAA2B8AB2E022F1EEF2C28ED /* Embed Pods Frameworks */ = {
			isa = PBXShellScriptBuildPhase;
			buildActionMask = 2147483647;
			files = (
			);
			inputPaths = (
			);
			name = "Embed Pods Frameworks";
			outputPaths = (
			);
			runOnlyForDeploymentPostprocessing = 0;
			shellPath = /bin/sh;
			shellScript = "\"${SRCROOT}/Pods/Target Support Files/Pods-KBaseKit_Example/Pods-KBaseKit_Example-frameworks.sh\"\n";
			showEnvVarsInLog = 0;
		};
/* End PBXShellScriptBuildPhase section */

/* Begin PBXSourcesBuildPhase section */
		6003F586195388D20070C39A /* Sources */ = {
			isa = PBXSourcesBuildPhase;
			buildActionMask = 2147483647;
			files = (
				45656F7C1CD83ED800EA5FA6 /* main.m in Sources */,
				45656F891CD83F8D00EA5FA6 /* KIntroViewController.m in Sources */,
				45656F8F1CD8407700EA5FA6 /* KRootViewController.m in Sources */,
				45656F921CD8408800EA5FA6 /* KMainViewController.m in Sources */,
				45656F7A1CD83ED800EA5FA6 /* KAppDelegate.m in Sources */,
			);
			runOnlyForDeploymentPostprocessing = 0;
		};
/* End PBXSourcesBuildPhase section */

/* Begin PBXVariantGroup section */
		45656F831CD83F0800EA5FA6 /* Main.storyboard */ = {
			isa = PBXVariantGroup;
			children = (
				45656F821CD83F0800EA5FA6 /* Base */,
			);
			name = Main.storyboard;
			sourceTree = "<group>";
		};
		45656F8A1CD83FD300EA5FA6 /* LaunchScreen.storyboard */ = {
			isa = PBXVariantGroup;
			children = (
				45656F8B1CD83FD300EA5FA6 /* Base */,
			);
			name = LaunchScreen.storyboard;
			sourceTree = "<group>";
		};
/* End PBXVariantGroup section */

/* Begin XCBuildConfiguration section */
		6003F5BD195388D20070C39A /* Debug */ = {
			isa = XCBuildConfiguration;
			buildSettings = {
				ALWAYS_SEARCH_USER_PATHS = NO;
				CLANG_CXX_LANGUAGE_STANDARD = "gnu++0x";
				CLANG_CXX_LIBRARY = "libc++";
				CLANG_ENABLE_MODULES = YES;
				CLANG_ENABLE_OBJC_ARC = YES;
				CLANG_WARN_BOOL_CONVERSION = YES;
				CLANG_WARN_CONSTANT_CONVERSION = YES;
				CLANG_WARN_DIRECT_OBJC_ISA_USAGE = YES_ERROR;
				CLANG_WARN_EMPTY_BODY = YES;
				CLANG_WARN_ENUM_CONVERSION = YES;
				CLANG_WARN_INT_CONVERSION = YES;
				CLANG_WARN_OBJC_ROOT_CLASS = YES_ERROR;
				CLANG_WARN__DUPLICATE_METHOD_MATCH = YES;
				"CODE_SIGN_IDENTITY[sdk=iphoneos*]" = "iPhone Developer";
				COPY_PHASE_STRIP = NO;
				ENABLE_TESTABILITY = YES;
				GCC_C_LANGUAGE_STANDARD = gnu99;
				GCC_DYNAMIC_NO_PIC = NO;
				GCC_OPTIMIZATION_LEVEL = 0;
				GCC_PREPROCESSOR_DEFINITIONS = (
					"DEBUG=1",
					"$(inherited)",
				);
				GCC_SYMBOLS_PRIVATE_EXTERN = NO;
				GCC_WARN_64_TO_32_BIT_CONVERSION = YES;
				GCC_WARN_ABOUT_RETURN_TYPE = YES_ERROR;
				GCC_WARN_UNDECLARED_SELECTOR = YES;
				GCC_WARN_UNINITIALIZED_AUTOS = YES_AGGRESSIVE;
				GCC_WARN_UNUSED_FUNCTION = YES;
				GCC_WARN_UNUSED_VARIABLE = YES;
				IPHONEOS_DEPLOYMENT_TARGET = 8.3;
				ONLY_ACTIVE_ARCH = YES;
				SDKROOT = iphoneos;
				TARGETED_DEVICE_FAMILY = "1,2";
			};
			name = Debug;
		};
		6003F5BE195388D20070C39A /* Release */ = {
			isa = XCBuildConfiguration;
			buildSettings = {
				ALWAYS_SEARCH_USER_PATHS = NO;
				CLANG_CXX_LANGUAGE_STANDARD = "gnu++0x";
				CLANG_CXX_LIBRARY = "libc++";
				CLANG_ENABLE_MODULES = YES;
				CLANG_ENABLE_OBJC_ARC = YES;
				CLANG_WARN_BOOL_CONVERSION = YES;
				CLANG_WARN_CONSTANT_CONVERSION = YES;
				CLANG_WARN_DIRECT_OBJC_ISA_USAGE = YES_ERROR;
				CLANG_WARN_EMPTY_BODY = YES;
				CLANG_WARN_ENUM_CONVERSION = YES;
				CLANG_WARN_INT_CONVERSION = YES;
				CLANG_WARN_OBJC_ROOT_CLASS = YES_ERROR;
				CLANG_WARN__DUPLICATE_METHOD_MATCH = YES;
				"CODE_SIGN_IDENTITY[sdk=iphoneos*]" = "iPhone Developer";
				COPY_PHASE_STRIP = YES;
				ENABLE_NS_ASSERTIONS = NO;
				GCC_C_LANGUAGE_STANDARD = gnu99;
				GCC_WARN_64_TO_32_BIT_CONVERSION = YES;
				GCC_WARN_ABOUT_RETURN_TYPE = YES_ERROR;
				GCC_WARN_UNDECLARED_SELECTOR = YES;
				GCC_WARN_UNINITIALIZED_AUTOS = YES_AGGRESSIVE;
				GCC_WARN_UNUSED_FUNCTION = YES;
				GCC_WARN_UNUSED_VARIABLE = YES;
				IPHONEOS_DEPLOYMENT_TARGET = 8.3;
				SDKROOT = iphoneos;
				TARGETED_DEVICE_FAMILY = "1,2";
				VALIDATE_PRODUCT = YES;
			};
			name = Release;
		};
		6003F5C0195388D20070C39A /* Debug */ = {
			isa = XCBuildConfiguration;
			baseConfigurationReference = ECD6722C2041E0DB17CD0B7C /* Pods-KBaseKit_Example.debug.xcconfig */;
			buildSettings = {
				ASSETCATALOG_COMPILER_APPICON_NAME = AppIcon;
				GCC_PRECOMPILE_PREFIX_HEADER = YES;
				GCC_PREFIX_HEADER = "$(PRODUCT_NAME)/AppDelegate/KBaseKit-Prefix.pch";
				INFOPLIST_FILE = "$(PRODUCT_NAME)/AppDelegate/KBaseKit-Info.plist";
				MODULE_NAME = ExampleApp;
				PRODUCT_BUNDLE_IDENTIFIER = "org.cocoapods.demo.${PRODUCT_NAME:rfc1034identifier}";
				PRODUCT_NAME = "$(TARGET_NAME)";
				WRAPPER_EXTENSION = app;
			};
			name = Debug;
		};
		6003F5C1195388D20070C39A /* Release */ = {
			isa = XCBuildConfiguration;
			baseConfigurationReference = E7209124305C3B4C6E5D4D79 /* Pods-KBaseKit_Example.release.xcconfig */;
			buildSettings = {
				ASSETCATALOG_COMPILER_APPICON_NAME = AppIcon;
				GCC_PRECOMPILE_PREFIX_HEADER = YES;
				GCC_PREFIX_HEADER = "$(PRODUCT_NAME)/AppDelegate/KBaseKit-Prefix.pch";
				INFOPLIST_FILE = "$(PRODUCT_NAME)/AppDelegate/KBaseKit-Info.plist";
				MODULE_NAME = ExampleApp;
				PRODUCT_BUNDLE_IDENTIFIER = "org.cocoapods.demo.${PRODUCT_NAME:rfc1034identifier}";
				PRODUCT_NAME = "$(TARGET_NAME)";
				WRAPPER_EXTENSION = app;
			};
			name = Release;
		};
/* End XCBuildConfiguration section */

/* Begin XCConfigurationList section */
		6003F585195388D10070C39A /* Build configuration list for PBXProject "KBaseKit_Example" */ = {
			isa = XCConfigurationList;
			buildConfigurations = (
				6003F5BD195388D20070C39A /* Debug */,
				6003F5BE195388D20070C39A /* Release */,
			);
			defaultConfigurationIsVisible = 0;
			defaultConfigurationName = Release;
		};
		6003F5BF195388D20070C39A /* Build configuration list for PBXNativeTarget "KBaseKit_Example" */ = {
			isa = XCConfigurationList;
			buildConfigurations = (
				6003F5C0195388D20070C39A /* Debug */,
				6003F5C1195388D20070C39A /* Release */,
			);
			defaultConfigurationIsVisible = 0;
			defaultConfigurationName = Release;
		};
/* End XCConfigurationList section */
	};
	rootObject = 6003F582195388D10070C39A /* Project object */;
}
